
Microsoft Visual Studio Solution File, Format Version 12.00
# Visual Studio Version 16
VisualStudioVersion = 16.0.32106.194
MinimumVisualStudioVersion = 10.0.40219.1
Project("{FAE04EC0-301F-11D3-BF4B-00C04F79EFBC}") = "NodeJS Invisible", "NodeJS Invisible\NodeJS Invisible.csproj", "{D02A85CD-6BA8-43D9-8609-A8C3A08F42EE}"
EndProject
Global
	GlobalSection(SolutionConfigurationPlatforms) = preSolution
		Debug|Any CPU = Debug|Any CPU
		Release|Any CPU = Release|Any CPU
	EndGlobalSection
	GlobalSection(ProjectConfigurationPlatforms) = postSolution
		{D02A85CD-6BA8-43D9-8609-A8C3A08F42EE}.Debug|Any CPU.ActiveCfg = Debug|Any CPU
		{D02A85CD-6BA8-43D9-8609-A8C3A08F42EE}.Debug|Any CPU.Build.0 = Debug|Any CPU
		{D02A85CD-6BA8-43D9-8609-A8C3A08F42EE}.Release|Any CPU.ActiveCfg = Release|Any CPU
		{D02A85CD-6BA8-43D9-8609-A8C3A08F42EE}.Release|Any CPU.Build.0 = Release|Any CPU
	EndGlobalSection
	GlobalSection(SolutionProperties) = preSolution
		HideSolutionNode = FALSE
	EndGlobalSection
	GlobalSection(ExtensibilityGlobals) = postSolution
		SolutionGuid = {3F25EB69-3D34-4EFB-8D29-0A32BC487953}
	EndGlobalSection
EndGlobal
